
Microsoft Visual Studio Solution File, Format Version 12.00
# Visual Studio Version 16
VisualStudioVersion = 16.0.29920.165
MinimumVisualStudioVersion = 10.0.40219.1
Project("{FAE04EC0-301F-11D3-BF4B-00C04F79EFBC}") = "ToDoApp", "ToDoApp\ToDoApp.csproj", "{65BCDEC8-81C8-4E42-A540-C4EEA3C3F73B}"
EndProject
Global
	GlobalSection(SolutionConfigurationPlatforms) = preSolution
		Debug|Any CPU = Debug|Any CPU
		Release|Any CPU = Release|Any CPU
	EndGlobalSection
	GlobalSection(ProjectConfigurationPlatforms) = postSolution
		{65BCDEC8-81C8-4E42-A540-C4EEA3C3F73B}.Debug|Any CPU.ActiveCfg = Debug|Any CPU
		{65BCDEC8-81C8-4E42-A540-C4EEA3C3F73B}.Debug|Any CPU.Build.0 = Debug|Any CPU
		{65BCDEC8-81C8-4E42-A540-C4EEA3C3F73B}.Release|Any CPU.ActiveCfg = Release|Any CPU
		{65BCDEC8-81C8-4E42-A540-C4EEA3C3F73B}.Release|Any CPU.Build.0 = Release|Any CPU
	EndGlobalSection
	GlobalSection(SolutionProperties) = preSolution
		HideSolutionNode = FALSE
	EndGlobalSection
	GlobalSection(ExtensibilityGlobals) = postSolution
		SolutionGuid = {13DC4803-B1BB-4944-8851-E60DABE84993}
	EndGlobalSection
EndGlobal
